
Microsoft Visual Studio Solution File, Format Version 12.00
# Visual Studio Version 17
VisualStudioVersion = 17.1.32328.378
MinimumVisualStudioVersion = 10.0.40219.1
Project("{FAE04EC0-301F-11D3-BF4B-00C04F79EFBC}") = "Final exam. generics", "Final exam. generics.csproj", "{A7CF8648-D8B4-4B68-93BD-B61A95ACF080}"
EndProject
Global
	GlobalSection(SolutionConfigurationPlatforms) = preSolution
		Debug|Any CPU = Debug|Any CPU
		Release|Any CPU = Release|Any CPU
	EndGlobalSection
	GlobalSection(ProjectConfigurationPlatforms) = postSolution
		{A7CF8648-D8B4-4B68-93BD-B61A95ACF080}.Debug|Any CPU.ActiveCfg = Debug|Any CPU
		{A7CF8648-D8B4-4B68-93BD-B61A95ACF080}.Debug|Any CPU.Build.0 = Debug|Any CPU
		{A7CF8648-D8B4-4B68-93BD-B61A95ACF080}.Release|Any CPU.ActiveCfg = Release|Any CPU
		{A7CF8648-D8B4-4B68-93BD-B61A95ACF080}.Release|Any CPU.Build.0 = Release|Any CPU
	EndGlobalSection
	GlobalSection(SolutionProperties) = preSolution
		HideSolutionNode = FALSE
	EndGlobalSection
	GlobalSection(ExtensibilityGlobals) = postSolution
		SolutionGuid = {3C6958F7-1C9B-4F93-BA28-10DA75CB1294}
	EndGlobalSection
EndGlobal
